
Microsoft Visual Studio Solution File, Format Version 12.00
# Visual Studio Version 17
VisualStudioVersion = 17.5.002.0
MinimumVisualStudioVersion = 10.0.40219.1
Project("{2150E333-8FDC-42A3-9474-1A3956D46DE8}") = "csharp-prep", "csharp-prep", "{91004DC0-556F-43E3-ABEE-92E6FD93D5A3}"
EndProject
Project("{9A19103F-16F7-4668-BE54-9A1E7A4F7556}") = "Prep1", "csharp-prep\Prep1\Prep1.csproj", "{461E6C5A-109F-445B-9F74-E4333AB2222D}"
EndProject
Project("{9A19103F-16F7-4668-BE54-9A1E7A4F7556}") = "Prep2", "csharp-prep\Prep2\Prep2.csproj", "{C2674CC3-D350-43F5-989D-A6AD51D06A37}"
EndProject
Project("{9A19103F-16F7-4668-BE54-9A1E7A4F7556}") = "Prep3", "csharp-prep\Prep3\Prep3.csproj", "{8B4BA8F0-C450-41CB-87E7-47431D70FB99}"
EndProject
Project("{9A19103F-16F7-4668-BE54-9A1E7A4F7556}") = "Prep4", "csharp-prep\Prep4\Prep4.csproj", "{3A1D46EC-F68A-4A78-89DE-A373CCE425B4}"
EndProject
Project("{9A19103F-16F7-4668-BE54-9A1E7A4F7556}") = "Prep5", "csharp-prep\Prep5\Prep5.csproj", "{F3E8F102-796C-4108-823F-1C471253A0A5}"
EndProject
Project("{2150E333-8FDC-42A3-9474-1A3956D46DE8}") = "final", "final", "{54B0F591-B1D7-48FF-9ADB-C41B7A84A22B}"
EndProject
Project("{9A19103F-16F7-4668-BE54-9A1E7A4F7556}") = "FinalProject", "final\FinalProject\FinalProject.csproj", "{69CA3E1B-138E-45AB-9C44-160B49825519}"
EndProject
Project("{9A19103F-16F7-4668-BE54-9A1E7A4F7556}") = "Foundation1", "final\Foundation1\Foundation1.csproj", "{4B670F1E-42F3-4D30-8A78-C3F8A2DF236C}"
EndProject
Project("{9A19103F-16F7-4668-BE54-9A1E7A4F7556}") = "Foundation2", "final\Foundation2\Foundation2.csproj", "{60EBD6EA-914C-44E0-8518-E5CB08B3C57B}"
EndProject
Project("{9A19103F-16F7-4668-BE54-9A1E7A4F7556}") = "Foundation3", "final\Foundation3\Foundation3.csproj", "{C87CF168-E8B9-4DE7-A43F-629C378FFE65}"
EndProject
Project("{9A19103F-16F7-4668-BE54-9A1E7A4F7556}") = "Foundation4", "final\Foundation4\Foundation4.csproj", "{AA4F6508-5E3C-4750-81C9-3BE000116273}"
EndProject
Project("{2150E333-8FDC-42A3-9474-1A3956D46DE8}") = "prepare", "prepare", "{81E11C0A-BBF8-4C98-B08A-2A8EA4E04370}"
EndProject
Project("{9A19103F-16F7-4668-BE54-9A1E7A4F7556}") = "Learning02", "prepare\Learning02\Learning02.csproj", "{8C19F045-7A94-43A3-8033-C5C331D48156}"
EndProject
Project("{9A19103F-16F7-4668-BE54-9A1E7A4F7556}") = "Learning03", "prepare\Learning03\Learning03.csproj", "{F6212D52-56C2-4F4F-9778-0AE4BA75F06F}"
EndProject
Project("{9A19103F-16F7-4668-BE54-9A1E7A4F7556}") = "Learning04", "prepare\Learning04\Learning04.csproj", "{B6E45E0D-F06C-46F1-B806-B24A45F856CE}"
EndProject
Project("{9A19103F-16F7-4668-BE54-9A1E7A4F7556}") = "Learning05", "prepare\Learning05\Learning05.csproj", "{2A618E4E-B2A8-455E-8A9D-0F1739433B49}"
EndProject
Project("{2150E333-8FDC-42A3-9474-1A3956D46DE8}") = "prove", "prove", "{235486B9-5E56-4A61-9926-D60AA49A908B}"
EndProject
Project("{9A19103F-16F7-4668-BE54-9A1E7A4F7556}") = "Develop02", "prove\Develop02\Develop02.csproj", "{468C250C-2735-4F5E-B083-105AC62DBCAC}"
EndProject
Project("{9A19103F-16F7-4668-BE54-9A1E7A4F7556}") = "Develop03", "prove\Develop03\Develop03.csproj", "{9B48F023-0FE7-4BBB-B6BC-B3A259F2F637}"
EndProject
Project("{9A19103F-16F7-4668-BE54-9A1E7A4F7556}") = "Develop04", "prove\Develop04\Develop04.csproj", "{10620CDF-9BAF-49B9-A9EE-D1794A7EAD96}"
EndProject
Project("{9A19103F-16F7-4668-BE54-9A1E7A4F7556}") = "Develop05", "prove\Develop05\Develop05.csproj", "{A07A7411-939F-4D2A-925D-DDA65F63447C}"
EndProject
Project("{2150E333-8FDC-42A3-9474-1A3956D46DE8}") = "sandbox", "sandbox", "{F480BFE7-044B-4728-91F3-FC166F23C62C}"
EndProject
Project("{9A19103F-16F7-4668-BE54-9A1E7A4F7556}") = "Sandbox", "sandbox\Sandbox\Sandbox.csproj", "{63793754-2E46-42B5-813A-B9E580DBAAA7}"
EndProject
Global
	GlobalSection(SolutionConfigurationPlatforms) = preSolution
		Debug|Any CPU = Debug|Any CPU
		Release|Any CPU = Release|Any CPU
	EndGlobalSection
	GlobalSection(ProjectConfigurationPlatforms) = postSolution
		{461E6C5A-109F-445B-9F74-E4333AB2222D}.Debug|Any CPU.ActiveCfg = Debug|Any CPU
		{461E6C5A-109F-445B-9F74-E4333AB2222D}.Debug|Any CPU.Build.0 = Debug|Any CPU
		{461E6C5A-109F-445B-9F74-E4333AB2222D}.Release|Any CPU.ActiveCfg = Release|Any CPU
		{461E6C5A-109F-445B-9F74-E4333AB2222D}.Release|Any CPU.Build.0 = Release|Any CPU
		{C2674CC3-D350-43F5-989D-A6AD51D06A37}.Debug|Any CPU.ActiveCfg = Debug|Any CPU
		{C2674CC3-D350-43F5-989D-A6AD51D06A37}.Debug|Any CPU.Build.0 = Debug|Any CPU
		{C2674CC3-D350-43F5-989D-A6AD51D06A37}.Release|Any CPU.ActiveCfg = Release|Any CPU
		{C2674CC3-D350-43F5-989D-A6AD51D06A37}.Release|Any CPU.Build.0 = Release|Any CPU
		{8B4BA8F0-C450-41CB-87E7-47431D70FB99}.Debug|Any CPU.ActiveCfg = Debug|Any CPU
		{8B4BA8F0-C450-41CB-87E7-47431D70FB99}.Debug|Any CPU.Build.0 = Debug|Any CPU
		{8B4BA8F0-C450-41CB-87E7-47431D70FB99}.Release|Any CPU.ActiveCfg = Release|Any CPU
		{8B4BA8F0-C450-41CB-87E7-47431D70FB99}.Release|Any CPU.Build.0 = Release|Any CPU
		{3A1D46EC-F68A-4A78-89DE-A373CCE425B4}.Debug|Any CPU.ActiveCfg = Debug|Any CPU
		{3A1D46EC-F68A-4A78-89DE-A373CCE425B4}.Debug|Any CPU.Build.0 = Debug|Any CPU
		{3A1D46EC-F68A-4A78-89DE-A373CCE425B4}.Release|Any CPU.ActiveCfg = Release|Any CPU
		{3A1D46EC-F68A-4A78-89DE-A373CCE425B4}.Release|Any CPU.Build.0 = Release|Any CPU
		{F3E8F102-796C-4108-823F-1C471253A0A5}.Debug|Any CPU.ActiveCfg = Debug|Any CPU
		{F3E8F102-796C-4108-823F-1C471253A0A5}.Debug|Any CPU.Build.0 = Debug|Any CPU
		{F3E8F102-796C-4108-823F-1C471253A0A5}.Release|Any CPU.ActiveCfg = Release|Any CPU
		{F3E8F102-796C-4108-823F-1C471253A0A5}.Release|Any CPU.Build.0 = Release|Any CPU
		{69CA3E1B-138E-45AB-9C44-160B49825519}.Debug|Any CPU.ActiveCfg = Debug|Any CPU
		{69CA3E1B-138E-45AB-9C44-160B49825519}.Debug|Any CPU.Build.0 = Debug|Any CPU
		{69CA3E1B-138E-45AB-9C44-160B49825519}.Release|Any CPU.ActiveCfg = Release|Any CPU
		{69CA3E1B-138E-45AB-9C44-160B49825519}.Release|Any CPU.Build.0 = Release|Any CPU
		{4B670F1E-42F3-4D30-8A78-C3F8A2DF236C}.Debug|Any CPU.ActiveCfg = Debug|Any CPU
		{4B670F1E-42F3-4D30-8A78-C3F8A2DF236C}.Debug|Any CPU.Build.0 = Debug|Any CPU
		{4B670F1E-42F3-4D30-8A78-C3F8A2DF236C}.Release|Any CPU.ActiveCfg = Release|Any CPU
		{4B670F1E-42F3-4D30-8A78-C3F8A2DF236C}.Release|Any CPU.Build.0 = Release|Any CPU
		{60EBD6EA-914C-44E0-8518-E5CB08B3C57B}.Debug|Any CPU.ActiveCfg = Debug|Any CPU
		{60EBD6EA-914C-44E0-8518-E5CB08B3C57B}.Debug|Any CPU.Build.0 = Debug|Any CPU
		{60EBD6EA-914C-44E0-8518-E5CB08B3C57B}.Release|Any CPU.ActiveCfg = Release|Any CPU
		{60EBD6EA-914C-44E0-8518-E5CB08B3C57B}.Release|Any CPU.Build.0 = Release|Any CPU
		{C87CF168-E8B9-4DE7-A43F-629C378FFE65}.Debug|Any CPU.ActiveCfg = Debug|Any CPU
		{C87CF168-E8B9-4DE7-A43F-629C378FFE65}.Debug|Any CPU.Build.0 = Debug|Any CPU
		{C87CF168-E8B9-4DE7-A43F-629C378FFE65}.Release|Any CPU.ActiveCfg = Release|Any CPU
		{C87CF168-E8B9-4DE7-A43F-629C378FFE65}.Release|Any CPU.Build.0 = Release|Any CPU
		{AA4F6508-5E3C-4750-81C9-3BE000116273}.Debug|Any CPU.ActiveCfg = Debug|Any CPU
		{AA4F6508-5E3C-4750-81C9-3BE000116273}.Debug|Any CPU.Build.0 = Debug|Any CPU
		{AA4F6508-5E3C-4750-81C9-3BE000116273}.Release|Any CPU.ActiveCfg = Release|Any CPU
		{AA4F6508-5E3C-4750-81C9-3BE000116273}.Release|Any CPU.Build.0 = Release|Any CPU
		{8C19F045-7A94-43A3-8033-C5C331D48156}.Debug|Any CPU.ActiveCfg = Debug|Any CPU
		{8C19F045-7A94-43A3-8033-C5C331D48156}.Debug|Any CPU.Build.0 = Debug|Any CPU
		{8C19F045-7A94-43A3-8033-C5C331D48156}.Release|Any CPU.ActiveCfg = Release|Any CPU
		{8C19F045-7A94-43A3-8033-C5C331D48156}.Release|Any CPU.Build.0 = Release|Any CPU
		{F6212D52-56C2-4F4F-9778-0AE4BA75F06F}.Debug|Any CPU.ActiveCfg = Debug|Any CPU
		{F6212D52-56C2-4F4F-9778-0AE4BA75F06F}.Debug|Any CPU.Build.0 = Debug|Any CPU
		{F6212D52-56C2-4F4F-9778-0AE4BA75F06F}.Release|Any CPU.ActiveCfg = Release|Any CPU
		{F6212D52-56C2-4F4F-9778-0AE4BA75F06F}.Release|Any CPU.Build.0 = Release|Any CPU
		{B6E45E0D-F06C-46F1-B806-B24A45F856CE}.Debug|Any CPU.ActiveCfg = Debug|Any CPU
		{B6E45E0D-F06C-46F1-B806-B24A45F856CE}.Debug|Any CPU.Build.0 = Debug|Any CPU
		{B6E45E0D-F06C-46F1-B806-B24A45F856CE}.Release|Any CPU.ActiveCfg = Release|Any CPU
		{B6E45E0D-F06C-46F1-B806-B24A45F856CE}.Release|Any CPU.Build.0 = Release|Any CPU
		{2A618E4E-B2A8-455E-8A9D-0F1739433B49}.Debug|Any CPU.ActiveCfg = Debug|Any CPU
		{2A618E4E-B2A8-455E-8A9D-0F1739433B49}.Debug|Any CPU.Build.0 = Debug|Any CPU
		{2A618E4E-B2A8-455E-8A9D-0F1739433B49}.Release|Any CPU.ActiveCfg = Release|Any CPU
		{2A618E4E-B2A8-455E-8A9D-0F1739433B49}.Release|Any CPU.Build.0 = Release|Any CPU
		{468C250C-2735-4F5E-B083-105AC62DBCAC}.Debug|Any CPU.ActiveCfg = Debug|Any CPU
		{468C250C-2735-4F5E-B083-105AC62DBCAC}.Debug|Any CPU.Build.0 = Debug|Any CPU
		{468C250C-2735-4F5E-B083-105AC62DBCAC}.Release|Any CPU.ActiveCfg = Release|Any CPU
		{468C250C-2735-4F5E-B083-105AC62DBCAC}.Release|Any CPU.Build.0 = Release|Any CPU
		{9B48F023-0FE7-4BBB-B6BC-B3A259F2F637}.Debug|Any CPU.ActiveCfg = Debug|Any CPU
		{9B48F023-0FE7-4BBB-B6BC-B3A259F2F637}.Debug|Any CPU.Build.0 = Debug|Any CPU
		{9B48F023-0FE7-4BBB-B6BC-B3A259F2F637}.Release|Any CPU.ActiveCfg = Release|Any CPU
		{9B48F023-0FE7-4BBB-B6BC-B3A259F2F637}.Release|Any CPU.Build.0 = Release|Any CPU
		{10620CDF-9BAF-49B9-A9EE-D1794A7EAD96}.Debug|Any CPU.ActiveCfg = Debug|Any CPU
		{10620CDF-9BAF-49B9-A9EE-D1794A7EAD96}.Debug|Any CPU.Build.0 = Debug|Any CPU
		{10620CDF-9BAF-49B9-A9EE-D1794A7EAD96}.Release|Any CPU.ActiveCfg = Release|Any CPU
		{10620CDF-9BAF-49B9-A9EE-D1794A7EAD96}.Release|Any CPU.Build.0 = Release|Any CPU
		{A07A7411-939F-4D2A-925D-DDA65F63447C}.Debug|Any CPU.ActiveCfg = Debug|Any CPU
		{A07A7411-939F-4D2A-925D-DDA65F63447C}.Debug|Any CPU.Build.0 = Debug|Any CPU
		{A07A7411-939F-4D2A-925D-DDA65F63447C}.Release|Any CPU.ActiveCfg = Release|Any CPU
		{A07A7411-939F-4D2A-925D-DDA65F63447C}.Release|Any CPU.Build.0 = Release|Any CPU
		{63793754-2E46-42B5-813A-B9E580DBAAA7}.Debug|Any CPU.ActiveCfg = Debug|Any CPU
		{63793754-2E46-42B5-813A-B9E580DBAAA7}.Debug|Any CPU.Build.0 = Debug|Any CPU
		{63793754-2E46-42B5-813A-B9E580DBAAA7}.Release|Any CPU.ActiveCfg = Release|Any CPU
		{63793754-2E46-42B5-813A-B9E580DBAAA7}.Release|Any CPU.Build.0 = Release|Any CPU
	EndGlobalSection
	GlobalSection(SolutionProperties) = preSolution
		HideSolutionNode = FALSE
	EndGlobalSection
	GlobalSection(NestedProjects) = preSolution
		{461E6C5A-109F-445B-9F74-E4333AB2222D} = {91004DC0-556F-43E3-ABEE-92E6FD93D5A3}
		{C2674CC3-D350-43F5-989D-A6AD51D06A37} = {91004DC0-556F-43E3-ABEE-92E6FD93D5A3}
		{8B4BA8F0-C450-41CB-87E7-47431D70FB99} = {91004DC0-556F-43E3-ABEE-92E6FD93D5A3}
		{3A1D46EC-F68A-4A78-89DE-A373CCE425B4} = {91004DC0-556F-43E3-ABEE-92E6FD93D5A3}
		{F3E8F102-796C-4108-823F-1C471253A0A5} = {91004DC0-556F-43E3-ABEE-92E6FD93D5A3}
		{69CA3E1B-138E-45AB-9C44-160B49825519} = {54B0F591-B1D7-48FF-9ADB-C41B7A84A22B}
		{4B670F1E-42F3-4D30-8A78-C3F8A2DF236C} = {54B0F591-B1D7-48FF-9ADB-C41B7A84A22B}
		{60EBD6EA-914C-44E0-8518-E5CB08B3C57B} = {54B0F591-B1D7-48FF-9ADB-C41B7A84A22B}
		{C87CF168-E8B9-4DE7-A43F-629C378FFE65} = {54B0F591-B1D7-48FF-9ADB-C41B7A84A22B}
		{AA4F6508-5E3C-4750-81C9-3BE000116273} = {54B0F591-B1D7-48FF-9ADB-C41B7A84A22B}
		{8C19F045-7A94-43A3-8033-C5C331D48156} = {81E11C0A-BBF8-4C98-B08A-2A8EA4E04370}
		{F6212D52-56C2-4F4F-9778-0AE4BA75F06F} = {81E11C0A-BBF8-4C98-B08A-2A8EA4E04370}
		{B6E45E0D-F06C-46F1-B806-B24A45F856CE} = {81E11C0A-BBF8-4C98-B08A-2A8EA4E04370}
		{2A618E4E-B2A8-455E-8A9D-0F1739433B49} = {81E11C0A-BBF8-4C98-B08A-2A8EA4E04370}
		{468C250C-2735-4F5E-B083-105AC62DBCAC} = {235486B9-5E56-4A61-9926-D60AA49A908B}
		{9B48F023-0FE7-4BBB-B6BC-B3A259F2F637} = {235486B9-5E56-4A61-9926-D60AA49A908B}
		{10620CDF-9BAF-49B9-A9EE-D1794A7EAD96} = {235486B9-5E56-4A61-9926-D60AA49A908B}
		{A07A7411-939F-4D2A-925D-DDA65F63447C} = {235486B9-5E56-4A61-9926-D60AA49A908B}
		{63793754-2E46-42B5-813A-B9E580DBAAA7} = {F480BFE7-044B-4728-91F3-FC166F23C62C}
	EndGlobalSection
	GlobalSection(ExtensibilityGlobals) = postSolution
		SolutionGuid = {0F0FD55B-3A55-4812-BA17-3CF07FF8740F}
	EndGlobalSection
EndGlobal
